<?xml version="1.0" encoding="utf-8"?>
<Project ToolsVersion="4.0" xmlns="http://schemas.microsoft.com/developer/msbuild/2003">
  <ItemGroup>
    <Filter Include="Fichiers sources">
      <UniqueIdentifier>{4FC737F1-C7A5-4376-A066-2A32D752A2FF}</UniqueIdentifier>
      <Extensions>cpp;c;cc;cxx;def;odl;idl;hpj;bat;asm;asmx</Extensions>
    </Filter>
    <Filter Include="Fichiers d%27en-tête">
      <UniqueIdentifier>{93995380-89BD-4b04-88EB-625FBE52EBFB}</UniqueIdentifier>
      <Extensions>h;hh;hpp;hxx;hm;inl;inc;xsd</Extensions>
    </Filter>
    <Filter Include="Fichiers de ressources">
      <UniqueIdentifier>{67DA6AB6-F800-4c08-8B7A-83BB121AAD01}</UniqueIdentifier>
      <Extensions>rc;ico;cur;bmp;dlg;rc2;rct;bin;rgs;gif;jpg;jpeg;jpe;resx;tiff;tif;png;wav;mfcribbon-ms</Extensions>
    </Filter>
    <Filter Include="Rendering">
      <UniqueIdentifier>{edc4e047-732a-4172-abd2-fd37e8ad6de5}</UniqueIdentifier>
    </Filter>
    <Filter Include="IMGUI">
      <UniqueIdentifier>{73b24347-50f6-4f66-be9f-130a0f251e17}</UniqueIdentifier>
    </Filter>
    <Filter Include="Rendering\OGLObjects">
      <UniqueIdentifier>{9ed34e72-36b1-400b-8398-71550253d595}</UniqueIdentifier>
    </Filter>
    <Filter Include="Rendering\Mesh">
      <UniqueIdentifier>{6f85c62d-7f45-4f63-84e4-e518d2a5e2a8}</UniqueIdentifier>
    </Filter>
    <Filter Include="Rendering\Mesh\Procedural">
      <UniqueIdentifier>{fbf51ca3-8b55-471b-8ab5-a2628a6e8a2d}</UniqueIdentifier>
    </Filter>
    <Filter Include="Applications">
      <UniqueIdentifier>{76466a84-d51f-4798-adbe-730a0b77cc06}</UniqueIdentifier>
    </Filter>
    <Filter Include="GameObjects">
      <UniqueIdentifier>{9e43eb11-8861-45d9-bce1-9fa61f2a929d}</UniqueIdentifier>
    </Filter>
    <Filter Include="SceneManagement">
      <UniqueIdentifier>{4e14fbd1-c38a-4b26-8e9c-dcf8267fe0c3}</UniqueIdentifier>
    </Filter>
  </ItemGroup>
  <ItemGroup>
    <Text Include="ReadMe.txt" />
  </ItemGroup>
  <ItemGroup>
    <ClInclude Include="stdafx.h">
      <Filter>Fichiers d%27en-tête</Filter>
    </ClInclude>
    <ClInclude Include="targetver.h">
      <Filter>Fichiers d%27en-tête</Filter>
    </ClInclude>
    <ClInclude Include="vmath.h">
      <Filter>Fichiers d%27en-tête</Filter>
    </ClInclude>
    <ClInclude Include="Utility.h">
      <Filter>Fichiers d%27en-tête</Filter>
    </ClInclude>
    <ClInclude Include="Object.h">
      <Filter>Fichiers d%27en-tête</Filter>
    </ClInclude>
    <ClInclude Include="BezierCurve.h">
      <Filter>Fichiers d%27en-tête</Filter>
    </ClInclude>
    <ClInclude Include="BezierSpline.h">
      <Filter>Fichiers d%27en-tête</Filter>
    </ClInclude>
    <ClInclude Include="Intersection.h">
      <Filter>Fichiers d%27en-tête</Filter>
    </ClInclude>
    <ClInclude Include="Transform.h">
      <Filter>Fichiers d%27en-tête</Filter>
    </ClInclude>
    <ClInclude Include="Camera.h">
      <Filter>Fichiers d%27en-tête</Filter>
    </ClInclude>
    <ClInclude Include="imgui\stb_rect_pack.h">
      <Filter>IMGUI</Filter>
    </ClInclude>
    <ClInclude Include="imgui\stb_textedit.h">
      <Filter>IMGUI</Filter>
    </ClInclude>
    <ClInclude Include="imgui\stb_truetype.h">
      <Filter>IMGUI</Filter>
    </ClInclude>
    <ClInclude Include="imgui\imgui-rendering-SFML.h">
      <Filter>IMGUI</Filter>
    </ClInclude>
    <ClInclude Include="imgui\imgui-events-SFML.h">
      <Filter>IMGUI</Filter>
    </ClInclude>
    <ClInclude Include="imgui\imgui_internal.h">
      <Filter>IMGUI</Filter>
    </ClInclude>
    <ClInclude Include="imgui\imgui.h">
      <Filter>IMGUI</Filter>
    </ClInclude>
    <ClInclude Include="imgui\imconfig-events-SFML.h">
      <Filter>IMGUI</Filter>
    </ClInclude>
    <ClInclude Include="imgui\imconfig.h">
      <Filter>IMGUI</Filter>
    </ClInclude>
    <ClInclude Include="OGLBuffer.h">
      <Filter>Rendering\OGLObjects</Filter>
    </ClInclude>
    <ClInclude Include="OGLProgram.h">
      <Filter>Rendering\OGLObjects</Filter>
    </ClInclude>
    <ClInclude Include="OGLShader.h">
      <Filter>Rendering\OGLObjects</Filter>
    </ClInclude>
    <ClInclude Include="OGLVertexArray.h">
      <Filter>Rendering\OGLObjects</Filter>
    </ClInclude>
    <ClInclude Include="Material.h">
      <Filter>Rendering</Filter>
    </ClInclude>
    <ClInclude Include="Renderer.h">
      <Filter>Rendering</Filter>
    </ClInclude>
    <ClInclude Include="MeshRendererComponent.h">
      <Filter>Rendering</Filter>
    </ClInclude>
    <ClInclude Include="OGLTexture2D.h">
      <Filter>Rendering\OGLObjects</Filter>
    </ClInclude>
    <ClInclude Include="OGLRendering.h">
      <Filter>Rendering\OGLObjects</Filter>
    </ClInclude>
    <ClInclude Include="OGLUtilities.h">
      <Filter>Rendering\OGLObjects</Filter>
    </ClInclude>
    <ClInclude Include="Mesh.h">
      <Filter>Rendering\Mesh</Filter>
    </ClInclude>
    <ClInclude Include="MeshManager.h">
      <Filter>Rendering\Mesh</Filter>
    </ClInclude>
    <ClInclude Include="BMesh.h">
      <Filter>Rendering\Mesh\Procedural</Filter>
    </ClInclude>
    <ClInclude Include="TestVesselApplication.h">
      <Filter>Applications</Filter>
    </ClInclude>
    <ClInclude Include="SinningCubeApplication.h">
      <Filter>Applications</Filter>
    </ClInclude>
    <ClInclude Include="OGLApplication.h">
      <Filter>Applications</Filter>
    </ClInclude>
    <ClInclude Include="GameObjectApplication.h">
      <Filter>Applications</Filter>
    </ClInclude>
    <ClInclude Include="Application.h">
      <Filter>Applications</Filter>
    </ClInclude>
    <ClInclude Include="GameObject.h">
      <Filter>GameObjects</Filter>
    </ClInclude>
    <ClInclude Include="Scene.h">
      <Filter>SceneManagement</Filter>
    </ClInclude>
  </ItemGroup>
  <ItemGroup>
    <ClCompile Include="stdafx.cpp">
      <Filter>Fichiers sources</Filter>
    </ClCompile>
    <ClCompile Include="SFML_Project.cpp">
      <Filter>Fichiers sources</Filter>
    </ClCompile>
    <ClCompile Include="Utility.cpp">
      <Filter>Fichiers sources</Filter>
    </ClCompile>
    <ClCompile Include="Object.cpp">
      <Filter>Fichiers sources</Filter>
    </ClCompile>
    <ClCompile Include="BezierCurve.cpp">
      <Filter>Fichiers sources</Filter>
    </ClCompile>
    <ClCompile Include="Intersection.cpp">
      <Filter>Fichiers sources</Filter>
    </ClCompile>
    <ClCompile Include="Transform.cpp">
      <Filter>Fichiers sources</Filter>
    </ClCompile>
    <ClCompile Include="Camera.cpp">
      <Filter>Fichiers sources</Filter>
    </ClCompile>
    <ClCompile Include="imgui\imgui.cpp">
      <Filter>IMGUI</Filter>
    </ClCompile>
    <ClCompile Include="imgui\imgui_demo.cpp">
      <Filter>IMGUI</Filter>
    </ClCompile>
    <ClCompile Include="imgui\imgui_draw.cpp">
      <Filter>IMGUI</Filter>
    </ClCompile>
    <ClCompile Include="OGLBuffer.cpp">
      <Filter>Rendering\OGLObjects</Filter>
    </ClCompile>
    <ClCompile Include="OGLProgram.cpp">
      <Filter>Rendering\OGLObjects</Filter>
    </ClCompile>
    <ClCompile Include="OGLShader.cpp">
      <Filter>Rendering\OGLObjects</Filter>
    </ClCompile>
    <ClCompile Include="OGLVertexArray.cpp">
      <Filter>Rendering\OGLObjects</Filter>
    </ClCompile>
    <ClCompile Include="Material.cpp">
      <Filter>Rendering</Filter>
    </ClCompile>
    <ClCompile Include="Renderer.cpp">
      <Filter>Rendering</Filter>
    </ClCompile>
    <ClCompile Include="MeshRendererComponent.cpp">
      <Filter>Rendering</Filter>
    </ClCompile>
    <ClCompile Include="OGLTexture2D.cpp">
      <Filter>Rendering\OGLObjects</Filter>
    </ClCompile>
    <ClCompile Include="OGLUtilities.cpp">
      <Filter>Rendering\OGLObjects</Filter>
    </ClCompile>
    <ClCompile Include="Mesh.cpp">
      <Filter>Rendering\Mesh</Filter>
    </ClCompile>
    <ClCompile Include="BMesh.cpp">
      <Filter>Rendering\Mesh\Procedural</Filter>
    </ClCompile>
    <ClCompile Include="GameObjectApplication.cpp">
      <Filter>Applications</Filter>
    </ClCompile>
    <ClCompile Include="OGLApplication.cpp">
      <Filter>Applications</Filter>
    </ClCompile>
    <ClCompile Include="Application.cpp">
      <Filter>Applications</Filter>
    </ClCompile>
    <ClCompile Include="SinningCubeApplication.cpp">
      <Filter>Applications</Filter>
    </ClCompile>
    <ClCompile Include="TestVesselApplication.cpp">
      <Filter>Applications</Filter>
    </ClCompile>
    <ClCompile Include="MeshManager.cpp">
      <Filter>Rendering\Mesh</Filter>
    </ClCompile>
    <ClCompile Include="GameObject.cpp">
      <Filter>GameObjects</Filter>
    </ClCompile>
    <ClCompile Include="Scene.cpp">
      <Filter>SceneManagement</Filter>
    </ClCompile>
  </ItemGroup>
</Project>