<?xml version="1.0" encoding="utf-8"?>
<Project ToolsVersion="4.0" xmlns="http://schemas.microsoft.com/developer/msbuild/2003">
  <ItemGroup>
    <Filter Include="Rendering">
      <UniqueIdentifier>{edc4e047-732a-4172-abd2-fd37e8ad6de5}</UniqueIdentifier>
    </Filter>
    <Filter Include="IMGUI">
      <UniqueIdentifier>{73b24347-50f6-4f66-be9f-130a0f251e17}</UniqueIdentifier>
    </Filter>
    <Filter Include="Rendering\Mesh">
      <UniqueIdentifier>{6f85c62d-7f45-4f63-84e4-e518d2a5e2a8}</UniqueIdentifier>
    </Filter>
    <Filter Include="Rendering\Mesh\Procedural">
      <UniqueIdentifier>{fbf51ca3-8b55-471b-8ab5-a2628a6e8a2d}</UniqueIdentifier>
    </Filter>
    <Filter Include="Applications">
      <UniqueIdentifier>{76466a84-d51f-4798-adbe-730a0b77cc06}</UniqueIdentifier>
    </Filter>
    <Filter Include="GameObjects">
      <UniqueIdentifier>{9e43eb11-8861-45d9-bce1-9fa61f2a929d}</UniqueIdentifier>
    </Filter>
    <Filter Include="SceneManagement">
      <UniqueIdentifier>{4e14fbd1-c38a-4b26-8e9c-dcf8267fe0c3}</UniqueIdentifier>
    </Filter>
    <Filter Include="PCHSTUFF">
      <UniqueIdentifier>{35c80fce-e8f1-4de6-ae64-90c5dceb498c}</UniqueIdentifier>
    </Filter>
    <Filter Include="PCHSTUFF\Fichiers sources">
      <UniqueIdentifier>{4FC737F1-C7A5-4376-A066-2A32D752A2FF}</UniqueIdentifier>
      <Extensions>cpp;c;cc;cxx;def;odl;idl;hpj;bat;asm;asmx</Extensions>
    </Filter>
    <Filter Include="PCHSTUFF\Fichiers d%27en-tête">
      <UniqueIdentifier>{93995380-89BD-4b04-88EB-625FBE52EBFB}</UniqueIdentifier>
      <Extensions>h;hh;hpp;hxx;hm;inl;inc;xsd</Extensions>
    </Filter>
    <Filter Include="PCHSTUFF\Fichiers de ressources">
      <UniqueIdentifier>{67DA6AB6-F800-4c08-8B7A-83BB121AAD01}</UniqueIdentifier>
      <Extensions>rc;ico;cur;bmp;dlg;rc2;rct;bin;rgs;gif;jpg;jpeg;jpe;resx;tiff;tif;png;wav;mfcribbon-ms</Extensions>
    </Filter>
    <Filter Include="Rendering\OGLImplementations">
      <UniqueIdentifier>{9ed34e72-36b1-400b-8398-71550253d595}</UniqueIdentifier>
    </Filter>
    <Filter Include="Rendering\OGLImplementations\OGLObjects">
      <UniqueIdentifier>{2d35f671-8f78-493c-8355-d36b0a41ceba}</UniqueIdentifier>
    </Filter>
    <Filter Include="GameObjects\Components">
      <UniqueIdentifier>{3d142f70-2f81-4487-9891-d8bc91607d94}</UniqueIdentifier>
    </Filter>
    <Filter Include="Rendering\Materials">
      <UniqueIdentifier>{7fb9827e-4533-4415-a670-14e418e06521}</UniqueIdentifier>
    </Filter>
    <Filter Include="UtilityStuff">
      <UniqueIdentifier>{29a23f8d-e76e-466b-bd4c-194dc66508d6}</UniqueIdentifier>
    </Filter>
    <Filter Include="Maths">
      <UniqueIdentifier>{f31568d2-208a-45ef-a62a-cde066f66762}</UniqueIdentifier>
    </Filter>
    <Filter Include="Rendering\Mesh\Loaders">
      <UniqueIdentifier>{ffb8fcdc-6e14-48e4-b619-d201778311c3}</UniqueIdentifier>
    </Filter>
    <Filter Include="Input">
      <UniqueIdentifier>{21fb6d3b-8de4-4568-8ecf-caf9ef663220}</UniqueIdentifier>
    </Filter>
    <Filter Include="Rendering\Lighting">
      <UniqueIdentifier>{cea4e0ec-faaa-47d7-8c5b-d2d7f3fd8264}</UniqueIdentifier>
    </Filter>
    <Filter Include="Rendering\Camera">
      <UniqueIdentifier>{1f9b5fb8-6a74-4c2c-9871-24c30b788f05}</UniqueIdentifier>
    </Filter>
    <Filter Include="GameObjects\TestAndDemoComponents">
      <UniqueIdentifier>{5f738ea4-b5a3-4742-b9ca-6633490eafd2}</UniqueIdentifier>
    </Filter>
  </ItemGroup>
  <ItemGroup>
    <Text Include="ReadMe.txt" />
  </ItemGroup>
  <ItemGroup>
    <ClInclude Include="stdafx.h">
      <Filter>PCHSTUFF\Fichiers d%27en-tête</Filter>
    </ClInclude>
    <ClInclude Include="targetver.h">
      <Filter>PCHSTUFF\Fichiers d%27en-tête</Filter>
    </ClInclude>
    <ClInclude Include="Utility.h">
      <Filter>PCHSTUFF\Fichiers d%27en-tête</Filter>
    </ClInclude>
    <ClInclude Include="imgui\stb_rect_pack.h">
      <Filter>IMGUI</Filter>
    </ClInclude>
    <ClInclude Include="imgui\stb_textedit.h">
      <Filter>IMGUI</Filter>
    </ClInclude>
    <ClInclude Include="imgui\stb_truetype.h">
      <Filter>IMGUI</Filter>
    </ClInclude>
    <ClInclude Include="imgui\imgui-rendering-SFML.h">
      <Filter>IMGUI</Filter>
    </ClInclude>
    <ClInclude Include="imgui\imgui-events-SFML.h">
      <Filter>IMGUI</Filter>
    </ClInclude>
    <ClInclude Include="imgui\imgui_internal.h">
      <Filter>IMGUI</Filter>
    </ClInclude>
    <ClInclude Include="imgui\imgui.h">
      <Filter>IMGUI</Filter>
    </ClInclude>
    <ClInclude Include="imgui\imconfig-events-SFML.h">
      <Filter>IMGUI</Filter>
    </ClInclude>
    <ClInclude Include="imgui\imconfig.h">
      <Filter>IMGUI</Filter>
    </ClInclude>
    <ClInclude Include="Renderer.h">
      <Filter>Rendering</Filter>
    </ClInclude>
    <ClInclude Include="OGLRendering.h">
      <Filter>Rendering\OGLImplementations</Filter>
    </ClInclude>
    <ClInclude Include="OGLUtilities.h">
      <Filter>Rendering\OGLImplementations</Filter>
    </ClInclude>
    <ClInclude Include="Mesh.h">
      <Filter>Rendering\Mesh</Filter>
    </ClInclude>
    <ClInclude Include="MeshManager.h">
      <Filter>Rendering\Mesh</Filter>
    </ClInclude>
    <ClInclude Include="BMesh.h">
      <Filter>Rendering\Mesh\Procedural</Filter>
    </ClInclude>
    <ClInclude Include="GameObjectApplication.h">
      <Filter>Applications</Filter>
    </ClInclude>
    <ClInclude Include="Application.h">
      <Filter>Applications</Filter>
    </ClInclude>
    <ClInclude Include="GameObject.h">
      <Filter>GameObjects</Filter>
    </ClInclude>
    <ClInclude Include="Scene.h">
      <Filter>SceneManagement</Filter>
    </ClInclude>
    <ClInclude Include="GameObjectManager.h">
      <Filter>GameObjects</Filter>
    </ClInclude>
    <ClInclude Include="OGLBuffer.h">
      <Filter>Rendering\OGLImplementations\OGLObjects</Filter>
    </ClInclude>
    <ClInclude Include="OGLProgram.h">
      <Filter>Rendering\OGLImplementations\OGLObjects</Filter>
    </ClInclude>
    <ClInclude Include="OGLShader.h">
      <Filter>Rendering\OGLImplementations\OGLObjects</Filter>
    </ClInclude>
    <ClInclude Include="OGLTexture2D.h">
      <Filter>Rendering\OGLImplementations\OGLObjects</Filter>
    </ClInclude>
    <ClInclude Include="OGLVertexArray.h">
      <Filter>Rendering\OGLImplementations\OGLObjects</Filter>
    </ClInclude>
    <ClInclude Include="Transform.h">
      <Filter>GameObjects\Components</Filter>
    </ClInclude>
    <ClInclude Include="Material.h">
      <Filter>Rendering\Materials</Filter>
    </ClInclude>
    <ClInclude Include="MaterialManager.h">
      <Filter>Rendering\Materials</Filter>
    </ClInclude>
    <ClInclude Include="Singleton.h">
      <Filter>UtilityStuff</Filter>
    </ClInclude>
    <ClInclude Include="vmath.h">
      <Filter>Maths</Filter>
    </ClInclude>
    <ClInclude Include="Math.h">
      <Filter>Maths</Filter>
    </ClInclude>
    <ClInclude Include="OGLFrameBuffer.h">
      <Filter>Rendering\OGLImplementations\OGLObjects</Filter>
    </ClInclude>
    <ClInclude Include="Intersection.h">
      <Filter>Maths</Filter>
    </ClInclude>
    <ClInclude Include="Line.h">
      <Filter>Maths</Filter>
    </ClInclude>
    <ClInclude Include="ShaderCompiler.h">
      <Filter>Rendering\Materials</Filter>
    </ClInclude>
    <ClInclude Include="ProgramManager.h">
      <Filter>Rendering\Materials</Filter>
    </ClInclude>
    <ClInclude Include="ObjLoader.h">
      <Filter>Rendering\Mesh\Loaders</Filter>
    </ClInclude>
    <ClInclude Include="PLYLoader.h">
      <Filter>Rendering\Mesh\Loaders</Filter>
    </ClInclude>
    <ClInclude Include="DebugRenderingCommands.h">
      <Filter>Rendering</Filter>
    </ClInclude>
    <ClInclude Include="OGLRenderBuffer.h">
      <Filter>Rendering\OGLImplementations\OGLObjects</Filter>
    </ClInclude>
    <ClInclude Include="IComponent.h">
      <Filter>GameObjects\Components</Filter>
    </ClInclude>
    <ClInclude Include="RTTI.h">
      <Filter>UtilityStuff</Filter>
    </ClInclude>
    <ClInclude Include="StringHash.h">
      <Filter>UtilityStuff</Filter>
    </ClInclude>
    <ClInclude Include="TypeManager.h">
      <Filter>UtilityStuff</Filter>
    </ClInclude>
    <ClInclude Include="TypeSystem.h">
      <Filter>UtilityStuff</Filter>
    </ClInclude>
    <ClInclude Include="Delegate.h">
      <Filter>UtilityStuff</Filter>
    </ClInclude>
    <ClInclude Include="InputManager.h">
      <Filter>Input</Filter>
    </ClInclude>
    <ClInclude Include="LightingManager.h">
      <Filter>Rendering\Lighting</Filter>
    </ClInclude>
    <ClInclude Include="CameraManager.h">
      <Filter>Rendering\Camera</Filter>
    </ClInclude>
    <ClInclude Include="Camera.h">
      <Filter>Rendering\Camera</Filter>
    </ClInclude>
    <ClInclude Include="MaterialUniformData.h">
      <Filter>Rendering\Materials</Filter>
    </ClInclude>
    <ClInclude Include="TestPBRMaterialComponent.h">
      <Filter>GameObjects\TestAndDemoComponents</Filter>
    </ClInclude>
    <ClInclude Include="FreeCameraComponent.h">
      <Filter>Rendering\Camera</Filter>
    </ClInclude>
    <ClInclude Include="CameraComponent.h">
      <Filter>Rendering\Camera</Filter>
    </ClInclude>
    <ClInclude Include="LightComponent.h">
      <Filter>Rendering\Lighting</Filter>
    </ClInclude>
    <ClInclude Include="MeshRendererComponent.h">
      <Filter>Rendering\Mesh</Filter>
    </ClInclude>
  </ItemGroup>
  <ItemGroup>
    <ClCompile Include="stdafx.cpp">
      <Filter>PCHSTUFF\Fichiers sources</Filter>
    </ClCompile>
    <ClCompile Include="SFML_Project.cpp">
      <Filter>PCHSTUFF\Fichiers sources</Filter>
    </ClCompile>
    <ClCompile Include="Utility.cpp">
      <Filter>PCHSTUFF\Fichiers sources</Filter>
    </ClCompile>
    <ClCompile Include="imgui\imgui.cpp">
      <Filter>IMGUI</Filter>
    </ClCompile>
    <ClCompile Include="imgui\imgui_demo.cpp">
      <Filter>IMGUI</Filter>
    </ClCompile>
    <ClCompile Include="imgui\imgui_draw.cpp">
      <Filter>IMGUI</Filter>
    </ClCompile>
    <ClCompile Include="Renderer.cpp">
      <Filter>Rendering</Filter>
    </ClCompile>
    <ClCompile Include="OGLUtilities.cpp">
      <Filter>Rendering\OGLImplementations</Filter>
    </ClCompile>
    <ClCompile Include="Mesh.cpp">
      <Filter>Rendering\Mesh</Filter>
    </ClCompile>
    <ClCompile Include="BMesh.cpp">
      <Filter>Rendering\Mesh\Procedural</Filter>
    </ClCompile>
    <ClCompile Include="GameObjectApplication.cpp">
      <Filter>Applications</Filter>
    </ClCompile>
    <ClCompile Include="Application.cpp">
      <Filter>Applications</Filter>
    </ClCompile>
    <ClCompile Include="MeshManager.cpp">
      <Filter>Rendering\Mesh</Filter>
    </ClCompile>
    <ClCompile Include="GameObject.cpp">
      <Filter>GameObjects</Filter>
    </ClCompile>
    <ClCompile Include="Scene.cpp">
      <Filter>SceneManagement</Filter>
    </ClCompile>
    <ClCompile Include="GameObjectManager.cpp">
      <Filter>GameObjects</Filter>
    </ClCompile>
    <ClCompile Include="OGLBuffer.cpp">
      <Filter>Rendering\OGLImplementations\OGLObjects</Filter>
    </ClCompile>
    <ClCompile Include="OGLProgram.cpp">
      <Filter>Rendering\OGLImplementations\OGLObjects</Filter>
    </ClCompile>
    <ClCompile Include="OGLShader.cpp">
      <Filter>Rendering\OGLImplementations\OGLObjects</Filter>
    </ClCompile>
    <ClCompile Include="OGLTexture2D.cpp">
      <Filter>Rendering\OGLImplementations\OGLObjects</Filter>
    </ClCompile>
    <ClCompile Include="OGLVertexArray.cpp">
      <Filter>Rendering\OGLImplementations\OGLObjects</Filter>
    </ClCompile>
    <ClCompile Include="Transform.cpp">
      <Filter>GameObjects\Components</Filter>
    </ClCompile>
    <ClCompile Include="Material.cpp">
      <Filter>Rendering\Materials</Filter>
    </ClCompile>
    <ClCompile Include="MaterialManager.cpp">
      <Filter>Rendering\Materials</Filter>
    </ClCompile>
    <ClCompile Include="OGLFrameBuffer.cpp">
      <Filter>Rendering\OGLImplementations\OGLObjects</Filter>
    </ClCompile>
    <ClCompile Include="Intersection.cpp">
      <Filter>Maths</Filter>
    </ClCompile>
    <ClCompile Include="Line.cpp">
      <Filter>Maths</Filter>
    </ClCompile>
    <ClCompile Include="ShaderCompiler.cpp">
      <Filter>Rendering\Materials</Filter>
    </ClCompile>
    <ClCompile Include="ProgramManager.cpp">
      <Filter>Rendering\Materials</Filter>
    </ClCompile>
    <ClCompile Include="ObjLoader.cpp">
      <Filter>Rendering\Mesh\Loaders</Filter>
    </ClCompile>
    <ClCompile Include="PLYLoader.cpp">
      <Filter>Rendering\Mesh\Loaders</Filter>
    </ClCompile>
    <ClCompile Include="DebugRenderingCommands.cpp">
      <Filter>Rendering</Filter>
    </ClCompile>
    <ClCompile Include="OGLRenderBuffer.cpp">
      <Filter>Rendering\OGLImplementations\OGLObjects</Filter>
    </ClCompile>
    <ClCompile Include="IComponent.cpp">
      <Filter>GameObjects\Components</Filter>
    </ClCompile>
    <ClCompile Include="RTTI.cpp">
      <Filter>UtilityStuff</Filter>
    </ClCompile>
    <ClCompile Include="StringHash.cpp">
      <Filter>UtilityStuff</Filter>
    </ClCompile>
    <ClCompile Include="TypeManager.cpp">
      <Filter>UtilityStuff</Filter>
    </ClCompile>
    <ClCompile Include="InputManager.cpp">
      <Filter>Input</Filter>
    </ClCompile>
    <ClCompile Include="LightingManager.cpp">
      <Filter>Rendering\Lighting</Filter>
    </ClCompile>
    <ClCompile Include="CameraManager.cpp">
      <Filter>Rendering\Camera</Filter>
    </ClCompile>
    <ClCompile Include="Camera.cpp">
      <Filter>Rendering\Camera</Filter>
    </ClCompile>
    <ClCompile Include="MaterialUniformData.cpp">
      <Filter>Rendering\Materials</Filter>
    </ClCompile>
    <ClCompile Include="TestPBRMaterialComponent.cpp">
      <Filter>GameObjects\TestAndDemoComponents</Filter>
    </ClCompile>
    <ClCompile Include="FreeCameraComponent.cpp">
      <Filter>Rendering\Camera</Filter>
    </ClCompile>
    <ClCompile Include="CameraComponent.cpp">
      <Filter>Rendering\Camera</Filter>
    </ClCompile>
    <ClCompile Include="LightComponent.cpp">
      <Filter>Rendering\Lighting</Filter>
    </ClCompile>
    <ClCompile Include="MeshRendererComponent.cpp">
      <Filter>Rendering\Mesh</Filter>
    </ClCompile>
  </ItemGroup>
</Project>