<?xml version="1.0" encoding="utf-8"?>
<Project ToolsVersion="4.0" xmlns="http://schemas.microsoft.com/developer/msbuild/2003">
  <ItemGroup>
    <Filter Include="Fichiers sources">
      <UniqueIdentifier>{4FC737F1-C7A5-4376-A066-2A32D752A2FF}</UniqueIdentifier>
      <Extensions>cpp;c;cc;cxx;def;odl;idl;hpj;bat;asm;asmx</Extensions>
    </Filter>
    <Filter Include="Fichiers d%27en-tête">
      <UniqueIdentifier>{93995380-89BD-4b04-88EB-625FBE52EBFB}</UniqueIdentifier>
      <Extensions>h;hh;hpp;hxx;hm;inl;inc;xsd</Extensions>
    </Filter>
    <Filter Include="Fichiers de ressources">
      <UniqueIdentifier>{67DA6AB6-F800-4c08-8B7A-83BB121AAD01}</UniqueIdentifier>
      <Extensions>rc;ico;cur;bmp;dlg;rc2;rct;bin;rgs;gif;jpg;jpeg;jpe;resx;tiff;tif;png;wav;mfcribbon-ms</Extensions>
    </Filter>
    <Filter Include="SignedDistanceFieldsObjects">
      <UniqueIdentifier>{082cc4a7-cf7c-455b-ac3d-e5305f222e2b}</UniqueIdentifier>
    </Filter>
    <Filter Include="Memory">
      <UniqueIdentifier>{fb691e2a-4ea4-40a5-9915-891f8fd98574}</UniqueIdentifier>
    </Filter>
    <Filter Include="VulkanRendering">
      <UniqueIdentifier>{1af6f45c-76b2-4039-ac44-f042b099feb0}</UniqueIdentifier>
    </Filter>
    <Filter Include="VulkanRendering\VulkanObjects">
      <UniqueIdentifier>{06161e4e-247d-483e-b3e3-b24f3c021be1}</UniqueIdentifier>
    </Filter>
    <Filter Include="Shaders">
      <UniqueIdentifier>{9708e576-3e13-4d27-b0c3-6c05106c5830}</UniqueIdentifier>
    </Filter>
    <Filter Include="Scene">
      <UniqueIdentifier>{74a384a5-5d05-454e-8d30-bf3e93578cde}</UniqueIdentifier>
    </Filter>
  </ItemGroup>
  <ItemGroup>
    <ClCompile Include="Triangle.cpp">
      <Filter>Fichiers sources</Filter>
    </ClCompile>
    <ClCompile Include="stdafx.cpp">
      <Filter>Fichiers sources</Filter>
    </ClCompile>
    <ClCompile Include="VulkanHelpers.cpp">
      <Filter>VulkanRendering\VulkanObjects</Filter>
    </ClCompile>
    <ClCompile Include="VulkanInstance.cpp">
      <Filter>VulkanRendering\VulkanObjects</Filter>
    </ClCompile>
    <ClCompile Include="VulkanBuffer.cpp">
      <Filter>VulkanRendering\VulkanObjects</Filter>
    </ClCompile>
    <ClCompile Include="VulkanSurface.cpp">
      <Filter>VulkanRendering\VulkanObjects</Filter>
    </ClCompile>
    <ClCompile Include="VulkanPhysicalDevice.cpp">
      <Filter>VulkanRendering\VulkanObjects</Filter>
    </ClCompile>
    <ClCompile Include="VulkanDevice.cpp">
      <Filter>VulkanRendering\VulkanObjects</Filter>
    </ClCompile>
    <ClCompile Include="VulkanGraphicsPipeline.cpp">
      <Filter>VulkanRendering\VulkanObjects</Filter>
    </ClCompile>
    <ClCompile Include="VulkanShader.cpp">
      <Filter>VulkanRendering\VulkanObjects</Filter>
    </ClCompile>
    <ClCompile Include="VulkanCommandBuffer.cpp">
      <Filter>VulkanRendering\VulkanObjects</Filter>
    </ClCompile>
    <ClCompile Include="VulkanMesh.cpp">
      <Filter>VulkanRendering\VulkanObjects</Filter>
    </ClCompile>
    <ClCompile Include="ObjectCreator.cpp">
      <Filter>SignedDistanceFieldsObjects</Filter>
    </ClCompile>
    <ClCompile Include="SignedDistanceField.cpp">
      <Filter>SignedDistanceFieldsObjects</Filter>
    </ClCompile>
    <ClCompile Include="ValueNoise2D.cpp">
      <Filter>SignedDistanceFieldsObjects</Filter>
    </ClCompile>
    <ClCompile Include="BezierCurve.cpp">
      <Filter>SignedDistanceFieldsObjects</Filter>
    </ClCompile>
    <ClCompile Include="VulkanImage.cpp">
      <Filter>VulkanRendering\VulkanObjects</Filter>
    </ClCompile>
    <ClCompile Include="VulkanImageView.cpp">
      <Filter>VulkanRendering\VulkanObjects</Filter>
    </ClCompile>
    <ClCompile Include="BlockAllocator.cpp">
      <Filter>Memory</Filter>
    </ClCompile>
    <ClCompile Include="VulkanFramebuffer.cpp">
      <Filter>VulkanRendering\VulkanObjects</Filter>
    </ClCompile>
    <ClCompile Include="VulkanRenderPass.cpp">
      <Filter>VulkanRendering\VulkanObjects</Filter>
    </ClCompile>
    <ClCompile Include="VulkanRenderer.cpp">
      <Filter>VulkanRendering</Filter>
    </ClCompile>
    <ClCompile Include="VulkanRenderLoop.cpp">
      <Filter>VulkanRendering</Filter>
    </ClCompile>
    <ClCompile Include="Scene.cpp">
      <Filter>Scene</Filter>
    </ClCompile>
  </ItemGroup>
  <ItemGroup>
    <None Include="Triangle.vert" />
    <None Include="data\shaders\Triangle.vert">
      <Filter>Shaders</Filter>
    </None>
    <None Include="data\shaders\shadowmappingdirectional.frag">
      <Filter>Shaders</Filter>
    </None>
    <None Include="data\shaders\shadowmappingdirectional.vert">
      <Filter>Shaders</Filter>
    </None>
    <None Include="data\shaders\Triangle.frag">
      <Filter>Shaders</Filter>
    </None>
  </ItemGroup>
  <ItemGroup>
    <ClInclude Include="stdafx.h">
      <Filter>Fichiers d%27en-tête</Filter>
    </ClInclude>
    <ClInclude Include="VulkanHelpers.h">
      <Filter>VulkanRendering\VulkanObjects</Filter>
    </ClInclude>
    <ClInclude Include="VulkanInstance.h">
      <Filter>VulkanRendering\VulkanObjects</Filter>
    </ClInclude>
    <ClInclude Include="VulkanBuffer.h">
      <Filter>VulkanRendering\VulkanObjects</Filter>
    </ClInclude>
    <ClInclude Include="VulkanSurface.h">
      <Filter>VulkanRendering\VulkanObjects</Filter>
    </ClInclude>
    <ClInclude Include="VulkanPhysicalDevice.h">
      <Filter>VulkanRendering\VulkanObjects</Filter>
    </ClInclude>
    <ClInclude Include="Triangle.h">
      <Filter>Fichiers d%27en-tête</Filter>
    </ClInclude>
    <ClInclude Include="VulkanDevice.h">
      <Filter>VulkanRendering\VulkanObjects</Filter>
    </ClInclude>
    <ClInclude Include="VulkanShader.h">
      <Filter>VulkanRendering\VulkanObjects</Filter>
    </ClInclude>
    <ClInclude Include="VulkanGraphicsPipeline.h">
      <Filter>VulkanRendering\VulkanObjects</Filter>
    </ClInclude>
    <ClInclude Include="VulkanCommandBuffer.h">
      <Filter>VulkanRendering\VulkanObjects</Filter>
    </ClInclude>
    <ClInclude Include="VulkanMesh.h">
      <Filter>VulkanRendering\VulkanObjects</Filter>
    </ClInclude>
    <ClInclude Include="ObjectCreator.h">
      <Filter>SignedDistanceFieldsObjects</Filter>
    </ClInclude>
    <ClInclude Include="SignedDistanceField.h">
      <Filter>SignedDistanceFieldsObjects</Filter>
    </ClInclude>
    <ClInclude Include="ValueNoise2D.h">
      <Filter>SignedDistanceFieldsObjects</Filter>
    </ClInclude>
    <ClInclude Include="BezierCurve.h">
      <Filter>SignedDistanceFieldsObjects</Filter>
    </ClInclude>
    <ClInclude Include="BezierSpline.h">
      <Filter>SignedDistanceFieldsObjects</Filter>
    </ClInclude>
    <ClInclude Include="VulkanImage.h">
      <Filter>VulkanRendering\VulkanObjects</Filter>
    </ClInclude>
    <ClInclude Include="VulkanImageView.h">
      <Filter>VulkanRendering\VulkanObjects</Filter>
    </ClInclude>
    <ClInclude Include="BlockAllocator.h">
      <Filter>Memory</Filter>
    </ClInclude>
    <ClInclude Include="VulkanFramebuffer.h">
      <Filter>VulkanRendering\VulkanObjects</Filter>
    </ClInclude>
    <ClInclude Include="VulkanRenderPass.h">
      <Filter>VulkanRendering\VulkanObjects</Filter>
    </ClInclude>
    <ClInclude Include="VulkanRenderer.h">
      <Filter>VulkanRendering</Filter>
    </ClInclude>
    <ClInclude Include="VulkanRenderLoop.h">
      <Filter>VulkanRendering</Filter>
    </ClInclude>
    <ClInclude Include="Scene.h">
      <Filter>Scene</Filter>
    </ClInclude>
  </ItemGroup>
</Project>