Microsoft Visual Studio Solution File, Format Version 12.00
# Visual Studio 14
Project("{2150E333-8FDC-42A3-9474-1A3956D46DE8}") = "CMakePredefinedTargets", "CMakePredefinedTargets", "{08C4109C-6320-3709-A6E2-57C608F9D83B}"
EndProject
Project("{2150E333-8FDC-42A3-9474-1A3956D46DE8}") = "GLFW3", "GLFW3", "{FBCA1ACD-AAB5-3248-8515-3F4EC9A09643}"
EndProject
Project("{2150E333-8FDC-42A3-9474-1A3956D46DE8}") = "Examples", "GLFW3\Examples", "{75D0B228-0F0C-35C4-98E5-42910A5A34B5}"
EndProject
Project("{2150E333-8FDC-42A3-9474-1A3956D46DE8}") = "Tests", "GLFW3\Tests", "{63F1451B-0BE5-3AEB-BFFC-87EC2E6C1972}"
EndProject
Project("{8BC9CEB8-8B4A-11D0-8D11-00A0C91BC942}") = "ALL_BUILD", "ALL_BUILD.vcxproj", "{E3D94EAB-547B-367B-85FB-93CC0806F063}"
	ProjectSection(ProjectDependencies) = postProject
		{FD8C5B54-8C82-3D84-8D87-BC7A862FF6B9} = {FD8C5B54-8C82-3D84-8D87-BC7A862FF6B9}
		{B984F9EA-37BA-3054-8E30-D9F675EE977A} = {B984F9EA-37BA-3054-8E30-D9F675EE977A}
		{B7995A56-3DEA-39AF-873E-9270A1CEC05B} = {B7995A56-3DEA-39AF-873E-9270A1CEC05B}
		{472A606E-079D-3A31-A7B1-A85609B04C06} = {472A606E-079D-3A31-A7B1-A85609B04C06}
		{BCDEC1B4-2A0E-3B54-A72C-E03897578FE7} = {BCDEC1B4-2A0E-3B54-A72C-E03897578FE7}
		{0B71C8A7-7ADC-3AB4-9DEC-E55A27B56E9B} = {0B71C8A7-7ADC-3AB4-9DEC-E55A27B56E9B}
		{343D52A1-76EF-3526-B6E1-6FF1820B2FD7} = {343D52A1-76EF-3526-B6E1-6FF1820B2FD7}
		{7335A698-8EE5-3313-925D-89A10167334F} = {7335A698-8EE5-3313-925D-89A10167334F}
		{21BC6BA1-2170-3390-A7F8-61ADEFBCDE61} = {21BC6BA1-2170-3390-A7F8-61ADEFBCDE61}
		{6EC4E06A-3CDF-3416-A9AC-6B8032565BE5} = {6EC4E06A-3CDF-3416-A9AC-6B8032565BE5}
		{9BC6E996-66B5-3918-956F-BB053010358F} = {9BC6E996-66B5-3918-956F-BB053010358F}
		{98F7E5EA-B3F8-3BE5-AACA-FD338C885CFD} = {98F7E5EA-B3F8-3BE5-AACA-FD338C885CFD}
		{CBD7441A-68D5-3A96-BEF6-9E07610B5C95} = {CBD7441A-68D5-3A96-BEF6-9E07610B5C95}
		{51B7AC8D-A800-388E-BB36-0C4F276B95F7} = {51B7AC8D-A800-388E-BB36-0C4F276B95F7}
		{B89F60B4-61E3-3B70-AF09-829371AFE1B7} = {B89F60B4-61E3-3B70-AF09-829371AFE1B7}
		{6ABFD5ED-C940-38B5-81B1-496C617F910B} = {6ABFD5ED-C940-38B5-81B1-496C617F910B}
		{67B77EC2-0BC1-33BD-9DF8-3F15B1445789} = {67B77EC2-0BC1-33BD-9DF8-3F15B1445789}
		{F0472644-BA21-3E0F-9BE2-AE601B05F707} = {F0472644-BA21-3E0F-9BE2-AE601B05F707}
		{505098B2-4F88-30CB-9A82-0E7463B10792} = {505098B2-4F88-30CB-9A82-0E7463B10792}
		{389B6540-0216-31A9-873D-961B3C19C946} = {389B6540-0216-31A9-873D-961B3C19C946}
		{F0301256-9913-3190-A9E5-F979061EB392} = {F0301256-9913-3190-A9E5-F979061EB392}
		{8C125639-1E99-3E30-B634-14CD7C5EC34E} = {8C125639-1E99-3E30-B634-14CD7C5EC34E}
		{D540885C-75CF-371D-8F65-E9EFEDC1C633} = {D540885C-75CF-371D-8F65-E9EFEDC1C633}
		{28C953FA-1D85-384C-9921-9CC65E94DF2B} = {28C953FA-1D85-384C-9921-9CC65E94DF2B}
		{803534D0-B9C0-3D8F-B2A9-9055A4FCAF09} = {803534D0-B9C0-3D8F-B2A9-9055A4FCAF09}
		{A5D538F9-5596-3BB6-9D60-252CBBBCED8F} = {A5D538F9-5596-3BB6-9D60-252CBBBCED8F}
		{D7B790A2-A44D-30D4-BC90-AAEB0E028132} = {D7B790A2-A44D-30D4-BC90-AAEB0E028132}
	EndProjectSection
EndProject
Project("{8BC9CEB8-8B4A-11D0-8D11-00A0C91BC942}") = "INSTALL", "INSTALL.vcxproj", "{CB414815-646B-34B8-A654-A3E34252E9E5}"
	ProjectSection(ProjectDependencies) = postProject
		{E3D94EAB-547B-367B-85FB-93CC0806F063} = {E3D94EAB-547B-367B-85FB-93CC0806F063}
		{FD8C5B54-8C82-3D84-8D87-BC7A862FF6B9} = {FD8C5B54-8C82-3D84-8D87-BC7A862FF6B9}
	EndProjectSection
EndProject
Project("{8BC9CEB8-8B4A-11D0-8D11-00A0C91BC942}") = "ZERO_CHECK", "ZERO_CHECK.vcxproj", "{FD8C5B54-8C82-3D84-8D87-BC7A862FF6B9}"
	ProjectSection(ProjectDependencies) = postProject
	EndProjectSection
EndProject
Project("{8BC9CEB8-8B4A-11D0-8D11-00A0C91BC942}") = "boing", "examples\boing.vcxproj", "{B984F9EA-37BA-3054-8E30-D9F675EE977A}"
	ProjectSection(ProjectDependencies) = postProject
		{FD8C5B54-8C82-3D84-8D87-BC7A862FF6B9} = {FD8C5B54-8C82-3D84-8D87-BC7A862FF6B9}
		{21BC6BA1-2170-3390-A7F8-61ADEFBCDE61} = {21BC6BA1-2170-3390-A7F8-61ADEFBCDE61}
	EndProjectSection
EndProject
Project("{8BC9CEB8-8B4A-11D0-8D11-00A0C91BC942}") = "clipboard", "tests\clipboard.vcxproj", "{B7995A56-3DEA-39AF-873E-9270A1CEC05B}"
	ProjectSection(ProjectDependencies) = postProject
		{FD8C5B54-8C82-3D84-8D87-BC7A862FF6B9} = {FD8C5B54-8C82-3D84-8D87-BC7A862FF6B9}
		{21BC6BA1-2170-3390-A7F8-61ADEFBCDE61} = {21BC6BA1-2170-3390-A7F8-61ADEFBCDE61}
	EndProjectSection
EndProject
Project("{8BC9CEB8-8B4A-11D0-8D11-00A0C91BC942}") = "cursor", "tests\cursor.vcxproj", "{472A606E-079D-3A31-A7B1-A85609B04C06}"
	ProjectSection(ProjectDependencies) = postProject
		{FD8C5B54-8C82-3D84-8D87-BC7A862FF6B9} = {FD8C5B54-8C82-3D84-8D87-BC7A862FF6B9}
		{21BC6BA1-2170-3390-A7F8-61ADEFBCDE61} = {21BC6BA1-2170-3390-A7F8-61ADEFBCDE61}
	EndProjectSection
EndProject
Project("{8BC9CEB8-8B4A-11D0-8D11-00A0C91BC942}") = "empty", "tests\empty.vcxproj", "{BCDEC1B4-2A0E-3B54-A72C-E03897578FE7}"
	ProjectSection(ProjectDependencies) = postProject
		{FD8C5B54-8C82-3D84-8D87-BC7A862FF6B9} = {FD8C5B54-8C82-3D84-8D87-BC7A862FF6B9}
		{21BC6BA1-2170-3390-A7F8-61ADEFBCDE61} = {21BC6BA1-2170-3390-A7F8-61ADEFBCDE61}
	EndProjectSection
EndProject
Project("{8BC9CEB8-8B4A-11D0-8D11-00A0C91BC942}") = "events", "tests\events.vcxproj", "{0B71C8A7-7ADC-3AB4-9DEC-E55A27B56E9B}"
	ProjectSection(ProjectDependencies) = postProject
		{FD8C5B54-8C82-3D84-8D87-BC7A862FF6B9} = {FD8C5B54-8C82-3D84-8D87-BC7A862FF6B9}
		{21BC6BA1-2170-3390-A7F8-61ADEFBCDE61} = {21BC6BA1-2170-3390-A7F8-61ADEFBCDE61}
	EndProjectSection
EndProject
Project("{8BC9CEB8-8B4A-11D0-8D11-00A0C91BC942}") = "gamma", "tests\gamma.vcxproj", "{343D52A1-76EF-3526-B6E1-6FF1820B2FD7}"
	ProjectSection(ProjectDependencies) = postProject
		{FD8C5B54-8C82-3D84-8D87-BC7A862FF6B9} = {FD8C5B54-8C82-3D84-8D87-BC7A862FF6B9}
		{21BC6BA1-2170-3390-A7F8-61ADEFBCDE61} = {21BC6BA1-2170-3390-A7F8-61ADEFBCDE61}
	EndProjectSection
EndProject
Project("{8BC9CEB8-8B4A-11D0-8D11-00A0C91BC942}") = "gears", "examples\gears.vcxproj", "{7335A698-8EE5-3313-925D-89A10167334F}"
	ProjectSection(ProjectDependencies) = postProject
		{FD8C5B54-8C82-3D84-8D87-BC7A862FF6B9} = {FD8C5B54-8C82-3D84-8D87-BC7A862FF6B9}
		{21BC6BA1-2170-3390-A7F8-61ADEFBCDE61} = {21BC6BA1-2170-3390-A7F8-61ADEFBCDE61}
	EndProjectSection
EndProject
Project("{8BC9CEB8-8B4A-11D0-8D11-00A0C91BC942}") = "glfw", "src\glfw.vcxproj", "{21BC6BA1-2170-3390-A7F8-61ADEFBCDE61}"
	ProjectSection(ProjectDependencies) = postProject
		{FD8C5B54-8C82-3D84-8D87-BC7A862FF6B9} = {FD8C5B54-8C82-3D84-8D87-BC7A862FF6B9}
	EndProjectSection
EndProject
Project("{8BC9CEB8-8B4A-11D0-8D11-00A0C91BC942}") = "glfwinfo", "tests\glfwinfo.vcxproj", "{6EC4E06A-3CDF-3416-A9AC-6B8032565BE5}"
	ProjectSection(ProjectDependencies) = postProject
		{FD8C5B54-8C82-3D84-8D87-BC7A862FF6B9} = {FD8C5B54-8C82-3D84-8D87-BC7A862FF6B9}
		{21BC6BA1-2170-3390-A7F8-61ADEFBCDE61} = {21BC6BA1-2170-3390-A7F8-61ADEFBCDE61}
	EndProjectSection
EndProject
Project("{8BC9CEB8-8B4A-11D0-8D11-00A0C91BC942}") = "heightmap", "examples\heightmap.vcxproj", "{9BC6E996-66B5-3918-956F-BB053010358F}"
	ProjectSection(ProjectDependencies) = postProject
		{FD8C5B54-8C82-3D84-8D87-BC7A862FF6B9} = {FD8C5B54-8C82-3D84-8D87-BC7A862FF6B9}
		{21BC6BA1-2170-3390-A7F8-61ADEFBCDE61} = {21BC6BA1-2170-3390-A7F8-61ADEFBCDE61}
	EndProjectSection
EndProject
Project("{8BC9CEB8-8B4A-11D0-8D11-00A0C91BC942}") = "icon", "tests\icon.vcxproj", "{98F7E5EA-B3F8-3BE5-AACA-FD338C885CFD}"
	ProjectSection(ProjectDependencies) = postProject
		{FD8C5B54-8C82-3D84-8D87-BC7A862FF6B9} = {FD8C5B54-8C82-3D84-8D87-BC7A862FF6B9}
		{21BC6BA1-2170-3390-A7F8-61ADEFBCDE61} = {21BC6BA1-2170-3390-A7F8-61ADEFBCDE61}
	EndProjectSection
EndProject
Project("{8BC9CEB8-8B4A-11D0-8D11-00A0C91BC942}") = "iconify", "tests\iconify.vcxproj", "{CBD7441A-68D5-3A96-BEF6-9E07610B5C95}"
	ProjectSection(ProjectDependencies) = postProject
		{FD8C5B54-8C82-3D84-8D87-BC7A862FF6B9} = {FD8C5B54-8C82-3D84-8D87-BC7A862FF6B9}
		{21BC6BA1-2170-3390-A7F8-61ADEFBCDE61} = {21BC6BA1-2170-3390-A7F8-61ADEFBCDE61}
	EndProjectSection
EndProject
Project("{8BC9CEB8-8B4A-11D0-8D11-00A0C91BC942}") = "joysticks", "tests\joysticks.vcxproj", "{51B7AC8D-A800-388E-BB36-0C4F276B95F7}"
	ProjectSection(ProjectDependencies) = postProject
		{FD8C5B54-8C82-3D84-8D87-BC7A862FF6B9} = {FD8C5B54-8C82-3D84-8D87-BC7A862FF6B9}
		{21BC6BA1-2170-3390-A7F8-61ADEFBCDE61} = {21BC6BA1-2170-3390-A7F8-61ADEFBCDE61}
	EndProjectSection
EndProject
Project("{8BC9CEB8-8B4A-11D0-8D11-00A0C91BC942}") = "monitors", "tests\monitors.vcxproj", "{B89F60B4-61E3-3B70-AF09-829371AFE1B7}"
	ProjectSection(ProjectDependencies) = postProject
		{FD8C5B54-8C82-3D84-8D87-BC7A862FF6B9} = {FD8C5B54-8C82-3D84-8D87-BC7A862FF6B9}
		{21BC6BA1-2170-3390-A7F8-61ADEFBCDE61} = {21BC6BA1-2170-3390-A7F8-61ADEFBCDE61}
	EndProjectSection
EndProject
Project("{8BC9CEB8-8B4A-11D0-8D11-00A0C91BC942}") = "msaa", "tests\msaa.vcxproj", "{6ABFD5ED-C940-38B5-81B1-496C617F910B}"
	ProjectSection(ProjectDependencies) = postProject
		{FD8C5B54-8C82-3D84-8D87-BC7A862FF6B9} = {FD8C5B54-8C82-3D84-8D87-BC7A862FF6B9}
		{21BC6BA1-2170-3390-A7F8-61ADEFBCDE61} = {21BC6BA1-2170-3390-A7F8-61ADEFBCDE61}
	EndProjectSection
EndProject
Project("{8BC9CEB8-8B4A-11D0-8D11-00A0C91BC942}") = "particles", "examples\particles.vcxproj", "{67B77EC2-0BC1-33BD-9DF8-3F15B1445789}"
	ProjectSection(ProjectDependencies) = postProject
		{FD8C5B54-8C82-3D84-8D87-BC7A862FF6B9} = {FD8C5B54-8C82-3D84-8D87-BC7A862FF6B9}
		{21BC6BA1-2170-3390-A7F8-61ADEFBCDE61} = {21BC6BA1-2170-3390-A7F8-61ADEFBCDE61}
	EndProjectSection
EndProject
Project("{8BC9CEB8-8B4A-11D0-8D11-00A0C91BC942}") = "reopen", "tests\reopen.vcxproj", "{F0472644-BA21-3E0F-9BE2-AE601B05F707}"
	ProjectSection(ProjectDependencies) = postProject
		{FD8C5B54-8C82-3D84-8D87-BC7A862FF6B9} = {FD8C5B54-8C82-3D84-8D87-BC7A862FF6B9}
		{21BC6BA1-2170-3390-A7F8-61ADEFBCDE61} = {21BC6BA1-2170-3390-A7F8-61ADEFBCDE61}
	EndProjectSection
EndProject
Project("{8BC9CEB8-8B4A-11D0-8D11-00A0C91BC942}") = "sharing", "tests\sharing.vcxproj", "{505098B2-4F88-30CB-9A82-0E7463B10792}"
	ProjectSection(ProjectDependencies) = postProject
		{FD8C5B54-8C82-3D84-8D87-BC7A862FF6B9} = {FD8C5B54-8C82-3D84-8D87-BC7A862FF6B9}
		{21BC6BA1-2170-3390-A7F8-61ADEFBCDE61} = {21BC6BA1-2170-3390-A7F8-61ADEFBCDE61}
	EndProjectSection
EndProject
Project("{8BC9CEB8-8B4A-11D0-8D11-00A0C91BC942}") = "simple", "examples\simple.vcxproj", "{389B6540-0216-31A9-873D-961B3C19C946}"
	ProjectSection(ProjectDependencies) = postProject
		{FD8C5B54-8C82-3D84-8D87-BC7A862FF6B9} = {FD8C5B54-8C82-3D84-8D87-BC7A862FF6B9}
		{21BC6BA1-2170-3390-A7F8-61ADEFBCDE61} = {21BC6BA1-2170-3390-A7F8-61ADEFBCDE61}
	EndProjectSection
EndProject
Project("{8BC9CEB8-8B4A-11D0-8D11-00A0C91BC942}") = "splitview", "examples\splitview.vcxproj", "{F0301256-9913-3190-A9E5-F979061EB392}"
	ProjectSection(ProjectDependencies) = postProject
		{FD8C5B54-8C82-3D84-8D87-BC7A862FF6B9} = {FD8C5B54-8C82-3D84-8D87-BC7A862FF6B9}
		{21BC6BA1-2170-3390-A7F8-61ADEFBCDE61} = {21BC6BA1-2170-3390-A7F8-61ADEFBCDE61}
	EndProjectSection
EndProject
Project("{8BC9CEB8-8B4A-11D0-8D11-00A0C91BC942}") = "tearing", "tests\tearing.vcxproj", "{8C125639-1E99-3E30-B634-14CD7C5EC34E}"
	ProjectSection(ProjectDependencies) = postProject
		{FD8C5B54-8C82-3D84-8D87-BC7A862FF6B9} = {FD8C5B54-8C82-3D84-8D87-BC7A862FF6B9}
		{21BC6BA1-2170-3390-A7F8-61ADEFBCDE61} = {21BC6BA1-2170-3390-A7F8-61ADEFBCDE61}
	EndProjectSection
EndProject
Project("{8BC9CEB8-8B4A-11D0-8D11-00A0C91BC942}") = "threads", "tests\threads.vcxproj", "{D540885C-75CF-371D-8F65-E9EFEDC1C633}"
	ProjectSection(ProjectDependencies) = postProject
		{FD8C5B54-8C82-3D84-8D87-BC7A862FF6B9} = {FD8C5B54-8C82-3D84-8D87-BC7A862FF6B9}
		{21BC6BA1-2170-3390-A7F8-61ADEFBCDE61} = {21BC6BA1-2170-3390-A7F8-61ADEFBCDE61}
	EndProjectSection
EndProject
Project("{8BC9CEB8-8B4A-11D0-8D11-00A0C91BC942}") = "timeout", "tests\timeout.vcxproj", "{28C953FA-1D85-384C-9921-9CC65E94DF2B}"
	ProjectSection(ProjectDependencies) = postProject
		{FD8C5B54-8C82-3D84-8D87-BC7A862FF6B9} = {FD8C5B54-8C82-3D84-8D87-BC7A862FF6B9}
		{21BC6BA1-2170-3390-A7F8-61ADEFBCDE61} = {21BC6BA1-2170-3390-A7F8-61ADEFBCDE61}
	EndProjectSection
EndProject
Project("{8BC9CEB8-8B4A-11D0-8D11-00A0C91BC942}") = "title", "tests\title.vcxproj", "{803534D0-B9C0-3D8F-B2A9-9055A4FCAF09}"
	ProjectSection(ProjectDependencies) = postProject
		{FD8C5B54-8C82-3D84-8D87-BC7A862FF6B9} = {FD8C5B54-8C82-3D84-8D87-BC7A862FF6B9}
		{21BC6BA1-2170-3390-A7F8-61ADEFBCDE61} = {21BC6BA1-2170-3390-A7F8-61ADEFBCDE61}
	EndProjectSection
EndProject
Project("{8BC9CEB8-8B4A-11D0-8D11-00A0C91BC942}") = "uninstall", "uninstall.vcxproj", "{ADB03A32-B286-3AB1-8160-8EFC1803A086}"
	ProjectSection(ProjectDependencies) = postProject
		{FD8C5B54-8C82-3D84-8D87-BC7A862FF6B9} = {FD8C5B54-8C82-3D84-8D87-BC7A862FF6B9}
	EndProjectSection
EndProject
Project("{8BC9CEB8-8B4A-11D0-8D11-00A0C91BC942}") = "wave", "examples\wave.vcxproj", "{A5D538F9-5596-3BB6-9D60-252CBBBCED8F}"
	ProjectSection(ProjectDependencies) = postProject
		{FD8C5B54-8C82-3D84-8D87-BC7A862FF6B9} = {FD8C5B54-8C82-3D84-8D87-BC7A862FF6B9}
		{21BC6BA1-2170-3390-A7F8-61ADEFBCDE61} = {21BC6BA1-2170-3390-A7F8-61ADEFBCDE61}
	EndProjectSection
EndProject
Project("{8BC9CEB8-8B4A-11D0-8D11-00A0C91BC942}") = "windows", "tests\windows.vcxproj", "{D7B790A2-A44D-30D4-BC90-AAEB0E028132}"
	ProjectSection(ProjectDependencies) = postProject
		{FD8C5B54-8C82-3D84-8D87-BC7A862FF6B9} = {FD8C5B54-8C82-3D84-8D87-BC7A862FF6B9}
		{21BC6BA1-2170-3390-A7F8-61ADEFBCDE61} = {21BC6BA1-2170-3390-A7F8-61ADEFBCDE61}
	EndProjectSection
EndProject
Global
	GlobalSection(SolutionConfigurationPlatforms) = preSolution
		Debug|Win32 = Debug|Win32
		Release|Win32 = Release|Win32
		MinSizeRel|Win32 = MinSizeRel|Win32
		RelWithDebInfo|Win32 = RelWithDebInfo|Win32
	EndGlobalSection
	GlobalSection(ProjectConfigurationPlatforms) = postSolution
		{E3D94EAB-547B-367B-85FB-93CC0806F063}.Debug|Win32.ActiveCfg = Debug|Win32
		{E3D94EAB-547B-367B-85FB-93CC0806F063}.Debug|Win32.Build.0 = Debug|Win32
		{E3D94EAB-547B-367B-85FB-93CC0806F063}.Release|Win32.ActiveCfg = Release|Win32
		{E3D94EAB-547B-367B-85FB-93CC0806F063}.Release|Win32.Build.0 = Release|Win32
		{E3D94EAB-547B-367B-85FB-93CC0806F063}.MinSizeRel|Win32.ActiveCfg = MinSizeRel|Win32
		{E3D94EAB-547B-367B-85FB-93CC0806F063}.MinSizeRel|Win32.Build.0 = MinSizeRel|Win32
		{E3D94EAB-547B-367B-85FB-93CC0806F063}.RelWithDebInfo|Win32.ActiveCfg = RelWithDebInfo|Win32
		{E3D94EAB-547B-367B-85FB-93CC0806F063}.RelWithDebInfo|Win32.Build.0 = RelWithDebInfo|Win32
		{CB414815-646B-34B8-A654-A3E34252E9E5}.Debug|Win32.ActiveCfg = Debug|Win32
		{CB414815-646B-34B8-A654-A3E34252E9E5}.Release|Win32.ActiveCfg = Release|Win32
		{CB414815-646B-34B8-A654-A3E34252E9E5}.MinSizeRel|Win32.ActiveCfg = MinSizeRel|Win32
		{CB414815-646B-34B8-A654-A3E34252E9E5}.RelWithDebInfo|Win32.ActiveCfg = RelWithDebInfo|Win32
		{FD8C5B54-8C82-3D84-8D87-BC7A862FF6B9}.Debug|Win32.ActiveCfg = Debug|Win32
		{FD8C5B54-8C82-3D84-8D87-BC7A862FF6B9}.Debug|Win32.Build.0 = Debug|Win32
		{FD8C5B54-8C82-3D84-8D87-BC7A862FF6B9}.Release|Win32.ActiveCfg = Release|Win32
		{FD8C5B54-8C82-3D84-8D87-BC7A862FF6B9}.Release|Win32.Build.0 = Release|Win32
		{FD8C5B54-8C82-3D84-8D87-BC7A862FF6B9}.MinSizeRel|Win32.ActiveCfg = MinSizeRel|Win32
		{FD8C5B54-8C82-3D84-8D87-BC7A862FF6B9}.MinSizeRel|Win32.Build.0 = MinSizeRel|Win32
		{FD8C5B54-8C82-3D84-8D87-BC7A862FF6B9}.RelWithDebInfo|Win32.ActiveCfg = RelWithDebInfo|Win32
		{FD8C5B54-8C82-3D84-8D87-BC7A862FF6B9}.RelWithDebInfo|Win32.Build.0 = RelWithDebInfo|Win32
		{B984F9EA-37BA-3054-8E30-D9F675EE977A}.Debug|Win32.ActiveCfg = Debug|Win32
		{B984F9EA-37BA-3054-8E30-D9F675EE977A}.Debug|Win32.Build.0 = Debug|Win32
		{B984F9EA-37BA-3054-8E30-D9F675EE977A}.Release|Win32.ActiveCfg = Release|Win32
		{B984F9EA-37BA-3054-8E30-D9F675EE977A}.Release|Win32.Build.0 = Release|Win32
		{B984F9EA-37BA-3054-8E30-D9F675EE977A}.MinSizeRel|Win32.ActiveCfg = MinSizeRel|Win32
		{B984F9EA-37BA-3054-8E30-D9F675EE977A}.MinSizeRel|Win32.Build.0 = MinSizeRel|Win32
		{B984F9EA-37BA-3054-8E30-D9F675EE977A}.RelWithDebInfo|Win32.ActiveCfg = RelWithDebInfo|Win32
		{B984F9EA-37BA-3054-8E30-D9F675EE977A}.RelWithDebInfo|Win32.Build.0 = RelWithDebInfo|Win32
		{B7995A56-3DEA-39AF-873E-9270A1CEC05B}.Debug|Win32.ActiveCfg = Debug|Win32
		{B7995A56-3DEA-39AF-873E-9270A1CEC05B}.Debug|Win32.Build.0 = Debug|Win32
		{B7995A56-3DEA-39AF-873E-9270A1CEC05B}.Release|Win32.ActiveCfg = Release|Win32
		{B7995A56-3DEA-39AF-873E-9270A1CEC05B}.Release|Win32.Build.0 = Release|Win32
		{B7995A56-3DEA-39AF-873E-9270A1CEC05B}.MinSizeRel|Win32.ActiveCfg = MinSizeRel|Win32
		{B7995A56-3DEA-39AF-873E-9270A1CEC05B}.MinSizeRel|Win32.Build.0 = MinSizeRel|Win32
		{B7995A56-3DEA-39AF-873E-9270A1CEC05B}.RelWithDebInfo|Win32.ActiveCfg = RelWithDebInfo|Win32
		{B7995A56-3DEA-39AF-873E-9270A1CEC05B}.RelWithDebInfo|Win32.Build.0 = RelWithDebInfo|Win32
		{472A606E-079D-3A31-A7B1-A85609B04C06}.Debug|Win32.ActiveCfg = Debug|Win32
		{472A606E-079D-3A31-A7B1-A85609B04C06}.Debug|Win32.Build.0 = Debug|Win32
		{472A606E-079D-3A31-A7B1-A85609B04C06}.Release|Win32.ActiveCfg = Release|Win32
		{472A606E-079D-3A31-A7B1-A85609B04C06}.Release|Win32.Build.0 = Release|Win32
		{472A606E-079D-3A31-A7B1-A85609B04C06}.MinSizeRel|Win32.ActiveCfg = MinSizeRel|Win32
		{472A606E-079D-3A31-A7B1-A85609B04C06}.MinSizeRel|Win32.Build.0 = MinSizeRel|Win32
		{472A606E-079D-3A31-A7B1-A85609B04C06}.RelWithDebInfo|Win32.ActiveCfg = RelWithDebInfo|Win32
		{472A606E-079D-3A31-A7B1-A85609B04C06}.RelWithDebInfo|Win32.Build.0 = RelWithDebInfo|Win32
		{BCDEC1B4-2A0E-3B54-A72C-E03897578FE7}.Debug|Win32.ActiveCfg = Debug|Win32
		{BCDEC1B4-2A0E-3B54-A72C-E03897578FE7}.Debug|Win32.Build.0 = Debug|Win32
		{BCDEC1B4-2A0E-3B54-A72C-E03897578FE7}.Release|Win32.ActiveCfg = Release|Win32
		{BCDEC1B4-2A0E-3B54-A72C-E03897578FE7}.Release|Win32.Build.0 = Release|Win32
		{BCDEC1B4-2A0E-3B54-A72C-E03897578FE7}.MinSizeRel|Win32.ActiveCfg = MinSizeRel|Win32
		{BCDEC1B4-2A0E-3B54-A72C-E03897578FE7}.MinSizeRel|Win32.Build.0 = MinSizeRel|Win32
		{BCDEC1B4-2A0E-3B54-A72C-E03897578FE7}.RelWithDebInfo|Win32.ActiveCfg = RelWithDebInfo|Win32
		{BCDEC1B4-2A0E-3B54-A72C-E03897578FE7}.RelWithDebInfo|Win32.Build.0 = RelWithDebInfo|Win32
		{0B71C8A7-7ADC-3AB4-9DEC-E55A27B56E9B}.Debug|Win32.ActiveCfg = Debug|Win32
		{0B71C8A7-7ADC-3AB4-9DEC-E55A27B56E9B}.Debug|Win32.Build.0 = Debug|Win32
		{0B71C8A7-7ADC-3AB4-9DEC-E55A27B56E9B}.Release|Win32.ActiveCfg = Release|Win32
		{0B71C8A7-7ADC-3AB4-9DEC-E55A27B56E9B}.Release|Win32.Build.0 = Release|Win32
		{0B71C8A7-7ADC-3AB4-9DEC-E55A27B56E9B}.MinSizeRel|Win32.ActiveCfg = MinSizeRel|Win32
		{0B71C8A7-7ADC-3AB4-9DEC-E55A27B56E9B}.MinSizeRel|Win32.Build.0 = MinSizeRel|Win32
		{0B71C8A7-7ADC-3AB4-9DEC-E55A27B56E9B}.RelWithDebInfo|Win32.ActiveCfg = RelWithDebInfo|Win32
		{0B71C8A7-7ADC-3AB4-9DEC-E55A27B56E9B}.RelWithDebInfo|Win32.Build.0 = RelWithDebInfo|Win32
		{343D52A1-76EF-3526-B6E1-6FF1820B2FD7}.Debug|Win32.ActiveCfg = Debug|Win32
		{343D52A1-76EF-3526-B6E1-6FF1820B2FD7}.Debug|Win32.Build.0 = Debug|Win32
		{343D52A1-76EF-3526-B6E1-6FF1820B2FD7}.Release|Win32.ActiveCfg = Release|Win32
		{343D52A1-76EF-3526-B6E1-6FF1820B2FD7}.Release|Win32.Build.0 = Release|Win32
		{343D52A1-76EF-3526-B6E1-6FF1820B2FD7}.MinSizeRel|Win32.ActiveCfg = MinSizeRel|Win32
		{343D52A1-76EF-3526-B6E1-6FF1820B2FD7}.MinSizeRel|Win32.Build.0 = MinSizeRel|Win32
		{343D52A1-76EF-3526-B6E1-6FF1820B2FD7}.RelWithDebInfo|Win32.ActiveCfg = RelWithDebInfo|Win32
		{343D52A1-76EF-3526-B6E1-6FF1820B2FD7}.RelWithDebInfo|Win32.Build.0 = RelWithDebInfo|Win32
		{7335A698-8EE5-3313-925D-89A10167334F}.Debug|Win32.ActiveCfg = Debug|Win32
		{7335A698-8EE5-3313-925D-89A10167334F}.Debug|Win32.Build.0 = Debug|Win32
		{7335A698-8EE5-3313-925D-89A10167334F}.Release|Win32.ActiveCfg = Release|Win32
		{7335A698-8EE5-3313-925D-89A10167334F}.Release|Win32.Build.0 = Release|Win32
		{7335A698-8EE5-3313-925D-89A10167334F}.MinSizeRel|Win32.ActiveCfg = MinSizeRel|Win32
		{7335A698-8EE5-3313-925D-89A10167334F}.MinSizeRel|Win32.Build.0 = MinSizeRel|Win32
		{7335A698-8EE5-3313-925D-89A10167334F}.RelWithDebInfo|Win32.ActiveCfg = RelWithDebInfo|Win32
		{7335A698-8EE5-3313-925D-89A10167334F}.RelWithDebInfo|Win32.Build.0 = RelWithDebInfo|Win32
		{21BC6BA1-2170-3390-A7F8-61ADEFBCDE61}.Debug|Win32.ActiveCfg = Debug|Win32
		{21BC6BA1-2170-3390-A7F8-61ADEFBCDE61}.Debug|Win32.Build.0 = Debug|Win32
		{21BC6BA1-2170-3390-A7F8-61ADEFBCDE61}.Release|Win32.ActiveCfg = Release|Win32
		{21BC6BA1-2170-3390-A7F8-61ADEFBCDE61}.Release|Win32.Build.0 = Release|Win32
		{21BC6BA1-2170-3390-A7F8-61ADEFBCDE61}.MinSizeRel|Win32.ActiveCfg = MinSizeRel|Win32
		{21BC6BA1-2170-3390-A7F8-61ADEFBCDE61}.MinSizeRel|Win32.Build.0 = MinSizeRel|Win32
		{21BC6BA1-2170-3390-A7F8-61ADEFBCDE61}.RelWithDebInfo|Win32.ActiveCfg = RelWithDebInfo|Win32
		{21BC6BA1-2170-3390-A7F8-61ADEFBCDE61}.RelWithDebInfo|Win32.Build.0 = RelWithDebInfo|Win32
		{6EC4E06A-3CDF-3416-A9AC-6B8032565BE5}.Debug|Win32.ActiveCfg = Debug|Win32
		{6EC4E06A-3CDF-3416-A9AC-6B8032565BE5}.Debug|Win32.Build.0 = Debug|Win32
		{6EC4E06A-3CDF-3416-A9AC-6B8032565BE5}.Release|Win32.ActiveCfg = Release|Win32
		{6EC4E06A-3CDF-3416-A9AC-6B8032565BE5}.Release|Win32.Build.0 = Release|Win32
		{6EC4E06A-3CDF-3416-A9AC-6B8032565BE5}.MinSizeRel|Win32.ActiveCfg = MinSizeRel|Win32
		{6EC4E06A-3CDF-3416-A9AC-6B8032565BE5}.MinSizeRel|Win32.Build.0 = MinSizeRel|Win32
		{6EC4E06A-3CDF-3416-A9AC-6B8032565BE5}.RelWithDebInfo|Win32.ActiveCfg = RelWithDebInfo|Win32
		{6EC4E06A-3CDF-3416-A9AC-6B8032565BE5}.RelWithDebInfo|Win32.Build.0 = RelWithDebInfo|Win32
		{9BC6E996-66B5-3918-956F-BB053010358F}.Debug|Win32.ActiveCfg = Debug|Win32
		{9BC6E996-66B5-3918-956F-BB053010358F}.Debug|Win32.Build.0 = Debug|Win32
		{9BC6E996-66B5-3918-956F-BB053010358F}.Release|Win32.ActiveCfg = Release|Win32
		{9BC6E996-66B5-3918-956F-BB053010358F}.Release|Win32.Build.0 = Release|Win32
		{9BC6E996-66B5-3918-956F-BB053010358F}.MinSizeRel|Win32.ActiveCfg = MinSizeRel|Win32
		{9BC6E996-66B5-3918-956F-BB053010358F}.MinSizeRel|Win32.Build.0 = MinSizeRel|Win32
		{9BC6E996-66B5-3918-956F-BB053010358F}.RelWithDebInfo|Win32.ActiveCfg = RelWithDebInfo|Win32
		{9BC6E996-66B5-3918-956F-BB053010358F}.RelWithDebInfo|Win32.Build.0 = RelWithDebInfo|Win32
		{98F7E5EA-B3F8-3BE5-AACA-FD338C885CFD}.Debug|Win32.ActiveCfg = Debug|Win32
		{98F7E5EA-B3F8-3BE5-AACA-FD338C885CFD}.Debug|Win32.Build.0 = Debug|Win32
		{98F7E5EA-B3F8-3BE5-AACA-FD338C885CFD}.Release|Win32.ActiveCfg = Release|Win32
		{98F7E5EA-B3F8-3BE5-AACA-FD338C885CFD}.Release|Win32.Build.0 = Release|Win32
		{98F7E5EA-B3F8-3BE5-AACA-FD338C885CFD}.MinSizeRel|Win32.ActiveCfg = MinSizeRel|Win32
		{98F7E5EA-B3F8-3BE5-AACA-FD338C885CFD}.MinSizeRel|Win32.Build.0 = MinSizeRel|Win32
		{98F7E5EA-B3F8-3BE5-AACA-FD338C885CFD}.RelWithDebInfo|Win32.ActiveCfg = RelWithDebInfo|Win32
		{98F7E5EA-B3F8-3BE5-AACA-FD338C885CFD}.RelWithDebInfo|Win32.Build.0 = RelWithDebInfo|Win32
		{CBD7441A-68D5-3A96-BEF6-9E07610B5C95}.Debug|Win32.ActiveCfg = Debug|Win32
		{CBD7441A-68D5-3A96-BEF6-9E07610B5C95}.Debug|Win32.Build.0 = Debug|Win32
		{CBD7441A-68D5-3A96-BEF6-9E07610B5C95}.Release|Win32.ActiveCfg = Release|Win32
		{CBD7441A-68D5-3A96-BEF6-9E07610B5C95}.Release|Win32.Build.0 = Release|Win32
		{CBD7441A-68D5-3A96-BEF6-9E07610B5C95}.MinSizeRel|Win32.ActiveCfg = MinSizeRel|Win32
		{CBD7441A-68D5-3A96-BEF6-9E07610B5C95}.MinSizeRel|Win32.Build.0 = MinSizeRel|Win32
		{CBD7441A-68D5-3A96-BEF6-9E07610B5C95}.RelWithDebInfo|Win32.ActiveCfg = RelWithDebInfo|Win32
		{CBD7441A-68D5-3A96-BEF6-9E07610B5C95}.RelWithDebInfo|Win32.Build.0 = RelWithDebInfo|Win32
		{51B7AC8D-A800-388E-BB36-0C4F276B95F7}.Debug|Win32.ActiveCfg = Debug|Win32
		{51B7AC8D-A800-388E-BB36-0C4F276B95F7}.Debug|Win32.Build.0 = Debug|Win32
		{51B7AC8D-A800-388E-BB36-0C4F276B95F7}.Release|Win32.ActiveCfg = Release|Win32
		{51B7AC8D-A800-388E-BB36-0C4F276B95F7}.Release|Win32.Build.0 = Release|Win32
		{51B7AC8D-A800-388E-BB36-0C4F276B95F7}.MinSizeRel|Win32.ActiveCfg = MinSizeRel|Win32
		{51B7AC8D-A800-388E-BB36-0C4F276B95F7}.MinSizeRel|Win32.Build.0 = MinSizeRel|Win32
		{51B7AC8D-A800-388E-BB36-0C4F276B95F7}.RelWithDebInfo|Win32.ActiveCfg = RelWithDebInfo|Win32
		{51B7AC8D-A800-388E-BB36-0C4F276B95F7}.RelWithDebInfo|Win32.Build.0 = RelWithDebInfo|Win32
		{B89F60B4-61E3-3B70-AF09-829371AFE1B7}.Debug|Win32.ActiveCfg = Debug|Win32
		{B89F60B4-61E3-3B70-AF09-829371AFE1B7}.Debug|Win32.Build.0 = Debug|Win32
		{B89F60B4-61E3-3B70-AF09-829371AFE1B7}.Release|Win32.ActiveCfg = Release|Win32
		{B89F60B4-61E3-3B70-AF09-829371AFE1B7}.Release|Win32.Build.0 = Release|Win32
		{B89F60B4-61E3-3B70-AF09-829371AFE1B7}.MinSizeRel|Win32.ActiveCfg = MinSizeRel|Win32
		{B89F60B4-61E3-3B70-AF09-829371AFE1B7}.MinSizeRel|Win32.Build.0 = MinSizeRel|Win32
		{B89F60B4-61E3-3B70-AF09-829371AFE1B7}.RelWithDebInfo|Win32.ActiveCfg = RelWithDebInfo|Win32
		{B89F60B4-61E3-3B70-AF09-829371AFE1B7}.RelWithDebInfo|Win32.Build.0 = RelWithDebInfo|Win32
		{6ABFD5ED-C940-38B5-81B1-496C617F910B}.Debug|Win32.ActiveCfg = Debug|Win32
		{6ABFD5ED-C940-38B5-81B1-496C617F910B}.Debug|Win32.Build.0 = Debug|Win32
		{6ABFD5ED-C940-38B5-81B1-496C617F910B}.Release|Win32.ActiveCfg = Release|Win32
		{6ABFD5ED-C940-38B5-81B1-496C617F910B}.Release|Win32.Build.0 = Release|Win32
		{6ABFD5ED-C940-38B5-81B1-496C617F910B}.MinSizeRel|Win32.ActiveCfg = MinSizeRel|Win32
		{6ABFD5ED-C940-38B5-81B1-496C617F910B}.MinSizeRel|Win32.Build.0 = MinSizeRel|Win32
		{6ABFD5ED-C940-38B5-81B1-496C617F910B}.RelWithDebInfo|Win32.ActiveCfg = RelWithDebInfo|Win32
		{6ABFD5ED-C940-38B5-81B1-496C617F910B}.RelWithDebInfo|Win32.Build.0 = RelWithDebInfo|Win32
		{67B77EC2-0BC1-33BD-9DF8-3F15B1445789}.Debug|Win32.ActiveCfg = Debug|Win32
		{67B77EC2-0BC1-33BD-9DF8-3F15B1445789}.Debug|Win32.Build.0 = Debug|Win32
		{67B77EC2-0BC1-33BD-9DF8-3F15B1445789}.Release|Win32.ActiveCfg = Release|Win32
		{67B77EC2-0BC1-33BD-9DF8-3F15B1445789}.Release|Win32.Build.0 = Release|Win32
		{67B77EC2-0BC1-33BD-9DF8-3F15B1445789}.MinSizeRel|Win32.ActiveCfg = MinSizeRel|Win32
		{67B77EC2-0BC1-33BD-9DF8-3F15B1445789}.MinSizeRel|Win32.Build.0 = MinSizeRel|Win32
		{67B77EC2-0BC1-33BD-9DF8-3F15B1445789}.RelWithDebInfo|Win32.ActiveCfg = RelWithDebInfo|Win32
		{67B77EC2-0BC1-33BD-9DF8-3F15B1445789}.RelWithDebInfo|Win32.Build.0 = RelWithDebInfo|Win32
		{F0472644-BA21-3E0F-9BE2-AE601B05F707}.Debug|Win32.ActiveCfg = Debug|Win32
		{F0472644-BA21-3E0F-9BE2-AE601B05F707}.Debug|Win32.Build.0 = Debug|Win32
		{F0472644-BA21-3E0F-9BE2-AE601B05F707}.Release|Win32.ActiveCfg = Release|Win32
		{F0472644-BA21-3E0F-9BE2-AE601B05F707}.Release|Win32.Build.0 = Release|Win32
		{F0472644-BA21-3E0F-9BE2-AE601B05F707}.MinSizeRel|Win32.ActiveCfg = MinSizeRel|Win32
		{F0472644-BA21-3E0F-9BE2-AE601B05F707}.MinSizeRel|Win32.Build.0 = MinSizeRel|Win32
		{F0472644-BA21-3E0F-9BE2-AE601B05F707}.RelWithDebInfo|Win32.ActiveCfg = RelWithDebInfo|Win32
		{F0472644-BA21-3E0F-9BE2-AE601B05F707}.RelWithDebInfo|Win32.Build.0 = RelWithDebInfo|Win32
		{505098B2-4F88-30CB-9A82-0E7463B10792}.Debug|Win32.ActiveCfg = Debug|Win32
		{505098B2-4F88-30CB-9A82-0E7463B10792}.Debug|Win32.Build.0 = Debug|Win32
		{505098B2-4F88-30CB-9A82-0E7463B10792}.Release|Win32.ActiveCfg = Release|Win32
		{505098B2-4F88-30CB-9A82-0E7463B10792}.Release|Win32.Build.0 = Release|Win32
		{505098B2-4F88-30CB-9A82-0E7463B10792}.MinSizeRel|Win32.ActiveCfg = MinSizeRel|Win32
		{505098B2-4F88-30CB-9A82-0E7463B10792}.MinSizeRel|Win32.Build.0 = MinSizeRel|Win32
		{505098B2-4F88-30CB-9A82-0E7463B10792}.RelWithDebInfo|Win32.ActiveCfg = RelWithDebInfo|Win32
		{505098B2-4F88-30CB-9A82-0E7463B10792}.RelWithDebInfo|Win32.Build.0 = RelWithDebInfo|Win32
		{389B6540-0216-31A9-873D-961B3C19C946}.Debug|Win32.ActiveCfg = Debug|Win32
		{389B6540-0216-31A9-873D-961B3C19C946}.Debug|Win32.Build.0 = Debug|Win32
		{389B6540-0216-31A9-873D-961B3C19C946}.Release|Win32.ActiveCfg = Release|Win32
		{389B6540-0216-31A9-873D-961B3C19C946}.Release|Win32.Build.0 = Release|Win32
		{389B6540-0216-31A9-873D-961B3C19C946}.MinSizeRel|Win32.ActiveCfg = MinSizeRel|Win32
		{389B6540-0216-31A9-873D-961B3C19C946}.MinSizeRel|Win32.Build.0 = MinSizeRel|Win32
		{389B6540-0216-31A9-873D-961B3C19C946}.RelWithDebInfo|Win32.ActiveCfg = RelWithDebInfo|Win32
		{389B6540-0216-31A9-873D-961B3C19C946}.RelWithDebInfo|Win32.Build.0 = RelWithDebInfo|Win32
		{F0301256-9913-3190-A9E5-F979061EB392}.Debug|Win32.ActiveCfg = Debug|Win32
		{F0301256-9913-3190-A9E5-F979061EB392}.Debug|Win32.Build.0 = Debug|Win32
		{F0301256-9913-3190-A9E5-F979061EB392}.Release|Win32.ActiveCfg = Release|Win32
		{F0301256-9913-3190-A9E5-F979061EB392}.Release|Win32.Build.0 = Release|Win32
		{F0301256-9913-3190-A9E5-F979061EB392}.MinSizeRel|Win32.ActiveCfg = MinSizeRel|Win32
		{F0301256-9913-3190-A9E5-F979061EB392}.MinSizeRel|Win32.Build.0 = MinSizeRel|Win32
		{F0301256-9913-3190-A9E5-F979061EB392}.RelWithDebInfo|Win32.ActiveCfg = RelWithDebInfo|Win32
		{F0301256-9913-3190-A9E5-F979061EB392}.RelWithDebInfo|Win32.Build.0 = RelWithDebInfo|Win32
		{8C125639-1E99-3E30-B634-14CD7C5EC34E}.Debug|Win32.ActiveCfg = Debug|Win32
		{8C125639-1E99-3E30-B634-14CD7C5EC34E}.Debug|Win32.Build.0 = Debug|Win32
		{8C125639-1E99-3E30-B634-14CD7C5EC34E}.Release|Win32.ActiveCfg = Release|Win32
		{8C125639-1E99-3E30-B634-14CD7C5EC34E}.Release|Win32.Build.0 = Release|Win32
		{8C125639-1E99-3E30-B634-14CD7C5EC34E}.MinSizeRel|Win32.ActiveCfg = MinSizeRel|Win32
		{8C125639-1E99-3E30-B634-14CD7C5EC34E}.MinSizeRel|Win32.Build.0 = MinSizeRel|Win32
		{8C125639-1E99-3E30-B634-14CD7C5EC34E}.RelWithDebInfo|Win32.ActiveCfg = RelWithDebInfo|Win32
		{8C125639-1E99-3E30-B634-14CD7C5EC34E}.RelWithDebInfo|Win32.Build.0 = RelWithDebInfo|Win32
		{D540885C-75CF-371D-8F65-E9EFEDC1C633}.Debug|Win32.ActiveCfg = Debug|Win32
		{D540885C-75CF-371D-8F65-E9EFEDC1C633}.Debug|Win32.Build.0 = Debug|Win32
		{D540885C-75CF-371D-8F65-E9EFEDC1C633}.Release|Win32.ActiveCfg = Release|Win32
		{D540885C-75CF-371D-8F65-E9EFEDC1C633}.Release|Win32.Build.0 = Release|Win32
		{D540885C-75CF-371D-8F65-E9EFEDC1C633}.MinSizeRel|Win32.ActiveCfg = MinSizeRel|Win32
		{D540885C-75CF-371D-8F65-E9EFEDC1C633}.MinSizeRel|Win32.Build.0 = MinSizeRel|Win32
		{D540885C-75CF-371D-8F65-E9EFEDC1C633}.RelWithDebInfo|Win32.ActiveCfg = RelWithDebInfo|Win32
		{D540885C-75CF-371D-8F65-E9EFEDC1C633}.RelWithDebInfo|Win32.Build.0 = RelWithDebInfo|Win32
		{28C953FA-1D85-384C-9921-9CC65E94DF2B}.Debug|Win32.ActiveCfg = Debug|Win32
		{28C953FA-1D85-384C-9921-9CC65E94DF2B}.Debug|Win32.Build.0 = Debug|Win32
		{28C953FA-1D85-384C-9921-9CC65E94DF2B}.Release|Win32.ActiveCfg = Release|Win32
		{28C953FA-1D85-384C-9921-9CC65E94DF2B}.Release|Win32.Build.0 = Release|Win32
		{28C953FA-1D85-384C-9921-9CC65E94DF2B}.MinSizeRel|Win32.ActiveCfg = MinSizeRel|Win32
		{28C953FA-1D85-384C-9921-9CC65E94DF2B}.MinSizeRel|Win32.Build.0 = MinSizeRel|Win32
		{28C953FA-1D85-384C-9921-9CC65E94DF2B}.RelWithDebInfo|Win32.ActiveCfg = RelWithDebInfo|Win32
		{28C953FA-1D85-384C-9921-9CC65E94DF2B}.RelWithDebInfo|Win32.Build.0 = RelWithDebInfo|Win32
		{803534D0-B9C0-3D8F-B2A9-9055A4FCAF09}.Debug|Win32.ActiveCfg = Debug|Win32
		{803534D0-B9C0-3D8F-B2A9-9055A4FCAF09}.Debug|Win32.Build.0 = Debug|Win32
		{803534D0-B9C0-3D8F-B2A9-9055A4FCAF09}.Release|Win32.ActiveCfg = Release|Win32
		{803534D0-B9C0-3D8F-B2A9-9055A4FCAF09}.Release|Win32.Build.0 = Release|Win32
		{803534D0-B9C0-3D8F-B2A9-9055A4FCAF09}.MinSizeRel|Win32.ActiveCfg = MinSizeRel|Win32
		{803534D0-B9C0-3D8F-B2A9-9055A4FCAF09}.MinSizeRel|Win32.Build.0 = MinSizeRel|Win32
		{803534D0-B9C0-3D8F-B2A9-9055A4FCAF09}.RelWithDebInfo|Win32.ActiveCfg = RelWithDebInfo|Win32
		{803534D0-B9C0-3D8F-B2A9-9055A4FCAF09}.RelWithDebInfo|Win32.Build.0 = RelWithDebInfo|Win32
		{ADB03A32-B286-3AB1-8160-8EFC1803A086}.Debug|Win32.ActiveCfg = Debug|Win32
		{ADB03A32-B286-3AB1-8160-8EFC1803A086}.Release|Win32.ActiveCfg = Release|Win32
		{ADB03A32-B286-3AB1-8160-8EFC1803A086}.MinSizeRel|Win32.ActiveCfg = MinSizeRel|Win32
		{ADB03A32-B286-3AB1-8160-8EFC1803A086}.RelWithDebInfo|Win32.ActiveCfg = RelWithDebInfo|Win32
		{A5D538F9-5596-3BB6-9D60-252CBBBCED8F}.Debug|Win32.ActiveCfg = Debug|Win32
		{A5D538F9-5596-3BB6-9D60-252CBBBCED8F}.Debug|Win32.Build.0 = Debug|Win32
		{A5D538F9-5596-3BB6-9D60-252CBBBCED8F}.Release|Win32.ActiveCfg = Release|Win32
		{A5D538F9-5596-3BB6-9D60-252CBBBCED8F}.Release|Win32.Build.0 = Release|Win32
		{A5D538F9-5596-3BB6-9D60-252CBBBCED8F}.MinSizeRel|Win32.ActiveCfg = MinSizeRel|Win32
		{A5D538F9-5596-3BB6-9D60-252CBBBCED8F}.MinSizeRel|Win32.Build.0 = MinSizeRel|Win32
		{A5D538F9-5596-3BB6-9D60-252CBBBCED8F}.RelWithDebInfo|Win32.ActiveCfg = RelWithDebInfo|Win32
		{A5D538F9-5596-3BB6-9D60-252CBBBCED8F}.RelWithDebInfo|Win32.Build.0 = RelWithDebInfo|Win32
		{D7B790A2-A44D-30D4-BC90-AAEB0E028132}.Debug|Win32.ActiveCfg = Debug|Win32
		{D7B790A2-A44D-30D4-BC90-AAEB0E028132}.Debug|Win32.Build.0 = Debug|Win32
		{D7B790A2-A44D-30D4-BC90-AAEB0E028132}.Release|Win32.ActiveCfg = Release|Win32
		{D7B790A2-A44D-30D4-BC90-AAEB0E028132}.Release|Win32.Build.0 = Release|Win32
		{D7B790A2-A44D-30D4-BC90-AAEB0E028132}.MinSizeRel|Win32.ActiveCfg = MinSizeRel|Win32
		{D7B790A2-A44D-30D4-BC90-AAEB0E028132}.MinSizeRel|Win32.Build.0 = MinSizeRel|Win32
		{D7B790A2-A44D-30D4-BC90-AAEB0E028132}.RelWithDebInfo|Win32.ActiveCfg = RelWithDebInfo|Win32
		{D7B790A2-A44D-30D4-BC90-AAEB0E028132}.RelWithDebInfo|Win32.Build.0 = RelWithDebInfo|Win32
	EndGlobalSection
	GlobalSection(NestedProjects) = preSolution
		{E3D94EAB-547B-367B-85FB-93CC0806F063} = {08C4109C-6320-3709-A6E2-57C608F9D83B}
		{CB414815-646B-34B8-A654-A3E34252E9E5} = {08C4109C-6320-3709-A6E2-57C608F9D83B}
		{FD8C5B54-8C82-3D84-8D87-BC7A862FF6B9} = {08C4109C-6320-3709-A6E2-57C608F9D83B}
		{75D0B228-0F0C-35C4-98E5-42910A5A34B5} = {FBCA1ACD-AAB5-3248-8515-3F4EC9A09643}
		{63F1451B-0BE5-3AEB-BFFC-87EC2E6C1972} = {FBCA1ACD-AAB5-3248-8515-3F4EC9A09643}
		{21BC6BA1-2170-3390-A7F8-61ADEFBCDE61} = {FBCA1ACD-AAB5-3248-8515-3F4EC9A09643}
		{B984F9EA-37BA-3054-8E30-D9F675EE977A} = {75D0B228-0F0C-35C4-98E5-42910A5A34B5}
		{7335A698-8EE5-3313-925D-89A10167334F} = {75D0B228-0F0C-35C4-98E5-42910A5A34B5}
		{9BC6E996-66B5-3918-956F-BB053010358F} = {75D0B228-0F0C-35C4-98E5-42910A5A34B5}
		{67B77EC2-0BC1-33BD-9DF8-3F15B1445789} = {75D0B228-0F0C-35C4-98E5-42910A5A34B5}
		{389B6540-0216-31A9-873D-961B3C19C946} = {75D0B228-0F0C-35C4-98E5-42910A5A34B5}
		{F0301256-9913-3190-A9E5-F979061EB392} = {75D0B228-0F0C-35C4-98E5-42910A5A34B5}
		{A5D538F9-5596-3BB6-9D60-252CBBBCED8F} = {75D0B228-0F0C-35C4-98E5-42910A5A34B5}
		{B7995A56-3DEA-39AF-873E-9270A1CEC05B} = {63F1451B-0BE5-3AEB-BFFC-87EC2E6C1972}
		{472A606E-079D-3A31-A7B1-A85609B04C06} = {63F1451B-0BE5-3AEB-BFFC-87EC2E6C1972}
		{BCDEC1B4-2A0E-3B54-A72C-E03897578FE7} = {63F1451B-0BE5-3AEB-BFFC-87EC2E6C1972}
		{0B71C8A7-7ADC-3AB4-9DEC-E55A27B56E9B} = {63F1451B-0BE5-3AEB-BFFC-87EC2E6C1972}
		{343D52A1-76EF-3526-B6E1-6FF1820B2FD7} = {63F1451B-0BE5-3AEB-BFFC-87EC2E6C1972}
		{6EC4E06A-3CDF-3416-A9AC-6B8032565BE5} = {63F1451B-0BE5-3AEB-BFFC-87EC2E6C1972}
		{98F7E5EA-B3F8-3BE5-AACA-FD338C885CFD} = {63F1451B-0BE5-3AEB-BFFC-87EC2E6C1972}
		{CBD7441A-68D5-3A96-BEF6-9E07610B5C95} = {63F1451B-0BE5-3AEB-BFFC-87EC2E6C1972}
		{51B7AC8D-A800-388E-BB36-0C4F276B95F7} = {63F1451B-0BE5-3AEB-BFFC-87EC2E6C1972}
		{B89F60B4-61E3-3B70-AF09-829371AFE1B7} = {63F1451B-0BE5-3AEB-BFFC-87EC2E6C1972}
		{6ABFD5ED-C940-38B5-81B1-496C617F910B} = {63F1451B-0BE5-3AEB-BFFC-87EC2E6C1972}
		{F0472644-BA21-3E0F-9BE2-AE601B05F707} = {63F1451B-0BE5-3AEB-BFFC-87EC2E6C1972}
		{505098B2-4F88-30CB-9A82-0E7463B10792} = {63F1451B-0BE5-3AEB-BFFC-87EC2E6C1972}
		{8C125639-1E99-3E30-B634-14CD7C5EC34E} = {63F1451B-0BE5-3AEB-BFFC-87EC2E6C1972}
		{D540885C-75CF-371D-8F65-E9EFEDC1C633} = {63F1451B-0BE5-3AEB-BFFC-87EC2E6C1972}
		{28C953FA-1D85-384C-9921-9CC65E94DF2B} = {63F1451B-0BE5-3AEB-BFFC-87EC2E6C1972}
		{803534D0-B9C0-3D8F-B2A9-9055A4FCAF09} = {63F1451B-0BE5-3AEB-BFFC-87EC2E6C1972}
		{D7B790A2-A44D-30D4-BC90-AAEB0E028132} = {63F1451B-0BE5-3AEB-BFFC-87EC2E6C1972}
	EndGlobalSection
	GlobalSection(ExtensibilityGlobals) = postSolution
	EndGlobalSection
	GlobalSection(ExtensibilityAddIns) = postSolution
	EndGlobalSection
EndGlobal
