<?xml version="1.0" encoding="UTF-8"?>
<Project ToolsVersion="14.0" xmlns="http://schemas.microsoft.com/developer/msbuild/2003">
  <ItemGroup>
    <ClCompile Include="D:\Programmation\SFMLGame\OpenGLSuperbibleSFMLGIT\3RDPartyLibs\glfw-3.2.1\tests\title.c">
      <Filter>Source Files</Filter>
    </ClCompile>
    <ClCompile Include="D:\Programmation\SFMLGame\OpenGLSuperbibleSFMLGIT\3RDPartyLibs\glfw-3.2.1\deps\glad.c">
      <Filter>Source Files</Filter>
    </ClCompile>
  </ItemGroup>
  <ItemGroup>
    <ClInclude Include="D:\Programmation\SFMLGame\OpenGLSuperbibleSFMLGIT\3RDPartyLibs\glfw-3.2.1\deps\glad\glad.h">
      <Filter>Header Files</Filter>
    </ClInclude>
  </ItemGroup>
  <ItemGroup>
    <CustomBuild Include="D:\Programmation\SFMLGame\OpenGLSuperbibleSFMLGIT\3RDPartyLibs\glfw-3.2.1\tests\CMakeLists.txt" />
  </ItemGroup>
  <ItemGroup>
    <Filter Include="Source Files">
      <UniqueIdentifier>{61842D60-C732-338B-B87A-CD45C3218C1E}</UniqueIdentifier>
    </Filter>
    <Filter Include="Header Files">
      <UniqueIdentifier>{2B4C46B2-E97A-3298-B3FE-A287DE7C2C9A}</UniqueIdentifier>
    </Filter>
  </ItemGroup>
</Project>
